
Microsoft Visual Studio Solution File, Format Version 12.00
# Visual Studio 15
VisualStudioVersion = 15.0.28307.1684
MinimumVisualStudioVersion = 10.0.40219.1
Project("{2150E333-8FDC-42A3-9474-1A3956D46DE8}") = "Solution Items", "Solution Items", "{BE028912-A0B8-46EF-A4DF-6A0029C771C6}"
	ProjectSection(SolutionItems) = preProject
		.gitignore = .gitignore
	EndProjectSection
EndProject
Project("{FAE04EC0-301F-11D3-BF4B-00C04F79EFBC}") = "StoreFrontApplication.UI.MVC", "StoreFrontApplication.UI.MVC\StoreFrontApplication.UI.MVC.csproj", "{02CAC343-CE6A-4FDC-979D-97CC74173AA9}"
EndProject
Project("{FAE04EC0-301F-11D3-BF4B-00C04F79EFBC}") = "StoreFrontApplication.DATA.EF", "StoreFrontApplication.DATA.EF\StoreFrontApplication.DATA.EF.csproj", "{AF63E628-7FC7-4F57-94EF-489004F546ED}"
EndProject
Global
	GlobalSection(SolutionConfigurationPlatforms) = preSolution
		Debug|Any CPU = Debug|Any CPU
		Release|Any CPU = Release|Any CPU
	EndGlobalSection
	GlobalSection(ProjectConfigurationPlatforms) = postSolution
		{02CAC343-CE6A-4FDC-979D-97CC74173AA9}.Debug|Any CPU.ActiveCfg = Debug|Any CPU
		{02CAC343-CE6A-4FDC-979D-97CC74173AA9}.Debug|Any CPU.Build.0 = Debug|Any CPU
		{02CAC343-CE6A-4FDC-979D-97CC74173AA9}.Release|Any CPU.ActiveCfg = Release|Any CPU
		{02CAC343-CE6A-4FDC-979D-97CC74173AA9}.Release|Any CPU.Build.0 = Release|Any CPU
		{AF63E628-7FC7-4F57-94EF-489004F546ED}.Debug|Any CPU.ActiveCfg = Debug|Any CPU
		{AF63E628-7FC7-4F57-94EF-489004F546ED}.Debug|Any CPU.Build.0 = Debug|Any CPU
		{AF63E628-7FC7-4F57-94EF-489004F546ED}.Release|Any CPU.ActiveCfg = Release|Any CPU
		{AF63E628-7FC7-4F57-94EF-489004F546ED}.Release|Any CPU.Build.0 = Release|Any CPU
	EndGlobalSection
	GlobalSection(SolutionProperties) = preSolution
		HideSolutionNode = FALSE
	EndGlobalSection
	GlobalSection(ExtensibilityGlobals) = postSolution
		SolutionGuid = {66178C63-2283-47E9-8CF9-0AECD8B9B260}
	EndGlobalSection
EndGlobal
